
Microsoft Visual Studio Solution File, Format Version 12.00
# Visual Studio Version 17
VisualStudioVersion = 17.0.32014.148
MinimumVisualStudioVersion = 10.0.40219.1
Project("{FAE04EC0-301F-11D3-BF4B-00C04F79EFBC}") = "Garage Management System", "Garage Management System.csproj", "{81007B1D-A2E4-4860-B1F6-739CDB96E3BF}"
EndProject
Global
	GlobalSection(SolutionConfigurationPlatforms) = preSolution
		Debug|Any CPU = Debug|Any CPU
		Release|Any CPU = Release|Any CPU
	EndGlobalSection
	GlobalSection(ProjectConfigurationPlatforms) = postSolution
		{81007B1D-A2E4-4860-B1F6-739CDB96E3BF}.Debug|Any CPU.ActiveCfg = Debug|Any CPU
		{81007B1D-A2E4-4860-B1F6-739CDB96E3BF}.Debug|Any CPU.Build.0 = Debug|Any CPU
		{81007B1D-A2E4-4860-B1F6-739CDB96E3BF}.Release|Any CPU.ActiveCfg = Release|Any CPU
		{81007B1D-A2E4-4860-B1F6-739CDB96E3BF}.Release|Any CPU.Build.0 = Release|Any CPU
	EndGlobalSection
	GlobalSection(SolutionProperties) = preSolution
		HideSolutionNode = FALSE
	EndGlobalSection
	GlobalSection(ExtensibilityGlobals) = postSolution
		SolutionGuid = {67254315-E788-4525-AC7A-D2711B7989B2}
	EndGlobalSection
EndGlobal
